
Microsoft Visual Studio Solution File, Format Version 12.00
# Visual Studio Version 17
VisualStudioVersion = 17.11.35327.3
MinimumVisualStudioVersion = 10.0.40219.1
Project("{FAE04EC0-301F-11D3-BF4B-00C04F79EFBC}") = "FullStackTestApp.Server", "FullStackTestApp.Server\FullStackTestApp.Server.csproj", "{CA4B782F-34DC-4240-A2FC-8187446B2AA6}"
EndProject
Project("{54A90642-561A-4BB1-A94E-469ADEE60C69}") = "fullstacktestapp.client", "fullstacktestapp.client\fullstacktestapp.client.esproj", "{6B69AC14-9E4B-4F16-8D72-C8071838EF94}"
EndProject
Global
	GlobalSection(SolutionConfigurationPlatforms) = preSolution
		Debug|Any CPU = Debug|Any CPU
		Release|Any CPU = Release|Any CPU
	EndGlobalSection
	GlobalSection(ProjectConfigurationPlatforms) = postSolution
		{CA4B782F-34DC-4240-A2FC-8187446B2AA6}.Debug|Any CPU.ActiveCfg = Debug|Any CPU
		{CA4B782F-34DC-4240-A2FC-8187446B2AA6}.Debug|Any CPU.Build.0 = Debug|Any CPU
		{CA4B782F-34DC-4240-A2FC-8187446B2AA6}.Release|Any CPU.ActiveCfg = Release|Any CPU
		{CA4B782F-34DC-4240-A2FC-8187446B2AA6}.Release|Any CPU.Build.0 = Release|Any CPU
		{6B69AC14-9E4B-4F16-8D72-C8071838EF94}.Debug|Any CPU.ActiveCfg = Debug|Any CPU
		{6B69AC14-9E4B-4F16-8D72-C8071838EF94}.Debug|Any CPU.Build.0 = Debug|Any CPU
		{6B69AC14-9E4B-4F16-8D72-C8071838EF94}.Debug|Any CPU.Deploy.0 = Debug|Any CPU
		{6B69AC14-9E4B-4F16-8D72-C8071838EF94}.Release|Any CPU.ActiveCfg = Release|Any CPU
		{6B69AC14-9E4B-4F16-8D72-C8071838EF94}.Release|Any CPU.Build.0 = Release|Any CPU
		{6B69AC14-9E4B-4F16-8D72-C8071838EF94}.Release|Any CPU.Deploy.0 = Release|Any CPU
	EndGlobalSection
	GlobalSection(SolutionProperties) = preSolution
		HideSolutionNode = FALSE
	EndGlobalSection
	GlobalSection(ExtensibilityGlobals) = postSolution
		SolutionGuid = {356E5A88-2080-466C-9778-11D73A91A633}
	EndGlobalSection
EndGlobal
